
Microsoft Visual Studio Solution File, Format Version 12.00
# Visual Studio 15
VisualStudioVersion = 15.0.26124.0
MinimumVisualStudioVersion = 15.0.26124.0
Project("{FAE04EC0-301F-11D3-BF4B-00C04F79EFBC}") = "DentalScheduler.Web.RestService", "DentalScheduler.Web.RestService\DentalScheduler.Web.RestService.csproj", "{2AECA935-07C8-4117-B14A-79244383BB16}"
EndProject
Project("{FAE04EC0-301F-11D3-BF4B-00C04F79EFBC}") = "DentalScheduler.Web.UI", "DentalScheduler.Web.UI\DentalScheduler.Web.UI.csproj", "{DC3FE0DE-890F-4E3B-AD65-742D41460E41}"
EndProject
Project("{FAE04EC0-301F-11D3-BF4B-00C04F79EFBC}") = "DentalScheduler.Infrastructure", "DentalScheduler.Infrastructure\DentalScheduler.Infrastructure.csproj", "{5037E98D-7A87-4364-BA4A-5F2790CB0B28}"
EndProject
Project("{FAE04EC0-301F-11D3-BF4B-00C04F79EFBC}") = "DentalScheduler.Entities", "DentalScheduler.Entities\DentalScheduler.Entities.csproj", "{6DF240DE-EADD-4AB5-B2BD-516ADBE2077E}"
EndProject
Project("{FAE04EC0-301F-11D3-BF4B-00C04F79EFBC}") = "DentalScheduler.Interfaces", "DentalScheduler.Interfaces\DentalScheduler.Interfaces.csproj", "{C660454C-166A-4AF8-AB03-DA5DC6E32620}"
EndProject
Project("{FAE04EC0-301F-11D3-BF4B-00C04F79EFBC}") = "DentalScheduler.UseCases", "DentalScheduler.UseCases\DentalScheduler.UseCases.csproj", "{223C9126-A2BF-4F61-BE18-2DE1D8F29B61}"
EndProject
Project("{FAE04EC0-301F-11D3-BF4B-00C04F79EFBC}") = "DentalScheduler.Config", "DentalScheduler.Config\DentalScheduler.Config.csproj", "{A5A4E87F-EAC3-4ECC-B8B9-D72053C26801}"
EndProject
Project("{FAE04EC0-301F-11D3-BF4B-00C04F79EFBC}") = "DentalScheduler.DTO", "DentalScheduler.DTO\DentalScheduler.DTO.csproj", "{7511CA65-9D07-4D88-965C-0828C0B17059}"
EndProject
Project("{FAE04EC0-301F-11D3-BF4B-00C04F79EFBC}") = "DentalScheduler.UseCases.Tests", "DentalScheduler.UseCases.Tests\DentalScheduler.UseCases.Tests.csproj", "{02580A82-759D-47E5-A00B-7E9B7572ABBB}"
EndProject
Global
	GlobalSection(SolutionConfigurationPlatforms) = preSolution
		Debug|Any CPU = Debug|Any CPU
		Debug|x64 = Debug|x64
		Debug|x86 = Debug|x86
		Release|Any CPU = Release|Any CPU
		Release|x64 = Release|x64
		Release|x86 = Release|x86
	EndGlobalSection
	GlobalSection(SolutionProperties) = preSolution
		HideSolutionNode = FALSE
	EndGlobalSection
	GlobalSection(ProjectConfigurationPlatforms) = postSolution
		{2AECA935-07C8-4117-B14A-79244383BB16}.Debug|Any CPU.ActiveCfg = Debug|Any CPU
		{2AECA935-07C8-4117-B14A-79244383BB16}.Debug|Any CPU.Build.0 = Debug|Any CPU
		{2AECA935-07C8-4117-B14A-79244383BB16}.Debug|x64.ActiveCfg = Debug|Any CPU
		{2AECA935-07C8-4117-B14A-79244383BB16}.Debug|x64.Build.0 = Debug|Any CPU
		{2AECA935-07C8-4117-B14A-79244383BB16}.Debug|x86.ActiveCfg = Debug|Any CPU
		{2AECA935-07C8-4117-B14A-79244383BB16}.Debug|x86.Build.0 = Debug|Any CPU
		{2AECA935-07C8-4117-B14A-79244383BB16}.Release|Any CPU.ActiveCfg = Release|Any CPU
		{2AECA935-07C8-4117-B14A-79244383BB16}.Release|Any CPU.Build.0 = Release|Any CPU
		{2AECA935-07C8-4117-B14A-79244383BB16}.Release|x64.ActiveCfg = Release|Any CPU
		{2AECA935-07C8-4117-B14A-79244383BB16}.Release|x64.Build.0 = Release|Any CPU
		{2AECA935-07C8-4117-B14A-79244383BB16}.Release|x86.ActiveCfg = Release|Any CPU
		{2AECA935-07C8-4117-B14A-79244383BB16}.Release|x86.Build.0 = Release|Any CPU
		{DC3FE0DE-890F-4E3B-AD65-742D41460E41}.Debug|Any CPU.ActiveCfg = Debug|Any CPU
		{DC3FE0DE-890F-4E3B-AD65-742D41460E41}.Debug|Any CPU.Build.0 = Debug|Any CPU
		{DC3FE0DE-890F-4E3B-AD65-742D41460E41}.Debug|x64.ActiveCfg = Debug|Any CPU
		{DC3FE0DE-890F-4E3B-AD65-742D41460E41}.Debug|x64.Build.0 = Debug|Any CPU
		{DC3FE0DE-890F-4E3B-AD65-742D41460E41}.Debug|x86.ActiveCfg = Debug|Any CPU
		{DC3FE0DE-890F-4E3B-AD65-742D41460E41}.Debug|x86.Build.0 = Debug|Any CPU
		{DC3FE0DE-890F-4E3B-AD65-742D41460E41}.Release|Any CPU.ActiveCfg = Release|Any CPU
		{DC3FE0DE-890F-4E3B-AD65-742D41460E41}.Release|Any CPU.Build.0 = Release|Any CPU
		{DC3FE0DE-890F-4E3B-AD65-742D41460E41}.Release|x64.ActiveCfg = Release|Any CPU
		{DC3FE0DE-890F-4E3B-AD65-742D41460E41}.Release|x64.Build.0 = Release|Any CPU
		{DC3FE0DE-890F-4E3B-AD65-742D41460E41}.Release|x86.ActiveCfg = Release|Any CPU
		{DC3FE0DE-890F-4E3B-AD65-742D41460E41}.Release|x86.Build.0 = Release|Any CPU
		{5037E98D-7A87-4364-BA4A-5F2790CB0B28}.Debug|Any CPU.ActiveCfg = Debug|Any CPU
		{5037E98D-7A87-4364-BA4A-5F2790CB0B28}.Debug|Any CPU.Build.0 = Debug|Any CPU
		{5037E98D-7A87-4364-BA4A-5F2790CB0B28}.Debug|x64.ActiveCfg = Debug|Any CPU
		{5037E98D-7A87-4364-BA4A-5F2790CB0B28}.Debug|x64.Build.0 = Debug|Any CPU
		{5037E98D-7A87-4364-BA4A-5F2790CB0B28}.Debug|x86.ActiveCfg = Debug|Any CPU
		{5037E98D-7A87-4364-BA4A-5F2790CB0B28}.Debug|x86.Build.0 = Debug|Any CPU
		{5037E98D-7A87-4364-BA4A-5F2790CB0B28}.Release|Any CPU.ActiveCfg = Release|Any CPU
		{5037E98D-7A87-4364-BA4A-5F2790CB0B28}.Release|Any CPU.Build.0 = Release|Any CPU
		{5037E98D-7A87-4364-BA4A-5F2790CB0B28}.Release|x64.ActiveCfg = Release|Any CPU
		{5037E98D-7A87-4364-BA4A-5F2790CB0B28}.Release|x64.Build.0 = Release|Any CPU
		{5037E98D-7A87-4364-BA4A-5F2790CB0B28}.Release|x86.ActiveCfg = Release|Any CPU
		{5037E98D-7A87-4364-BA4A-5F2790CB0B28}.Release|x86.Build.0 = Release|Any CPU
		{6DF240DE-EADD-4AB5-B2BD-516ADBE2077E}.Debug|Any CPU.ActiveCfg = Debug|Any CPU
		{6DF240DE-EADD-4AB5-B2BD-516ADBE2077E}.Debug|Any CPU.Build.0 = Debug|Any CPU
		{6DF240DE-EADD-4AB5-B2BD-516ADBE2077E}.Debug|x64.ActiveCfg = Debug|Any CPU
		{6DF240DE-EADD-4AB5-B2BD-516ADBE2077E}.Debug|x64.Build.0 = Debug|Any CPU
		{6DF240DE-EADD-4AB5-B2BD-516ADBE2077E}.Debug|x86.ActiveCfg = Debug|Any CPU
		{6DF240DE-EADD-4AB5-B2BD-516ADBE2077E}.Debug|x86.Build.0 = Debug|Any CPU
		{6DF240DE-EADD-4AB5-B2BD-516ADBE2077E}.Release|Any CPU.ActiveCfg = Release|Any CPU
		{6DF240DE-EADD-4AB5-B2BD-516ADBE2077E}.Release|Any CPU.Build.0 = Release|Any CPU
		{6DF240DE-EADD-4AB5-B2BD-516ADBE2077E}.Release|x64.ActiveCfg = Release|Any CPU
		{6DF240DE-EADD-4AB5-B2BD-516ADBE2077E}.Release|x64.Build.0 = Release|Any CPU
		{6DF240DE-EADD-4AB5-B2BD-516ADBE2077E}.Release|x86.ActiveCfg = Release|Any CPU
		{6DF240DE-EADD-4AB5-B2BD-516ADBE2077E}.Release|x86.Build.0 = Release|Any CPU
		{C660454C-166A-4AF8-AB03-DA5DC6E32620}.Debug|Any CPU.ActiveCfg = Debug|Any CPU
		{C660454C-166A-4AF8-AB03-DA5DC6E32620}.Debug|Any CPU.Build.0 = Debug|Any CPU
		{C660454C-166A-4AF8-AB03-DA5DC6E32620}.Debug|x64.ActiveCfg = Debug|Any CPU
		{C660454C-166A-4AF8-AB03-DA5DC6E32620}.Debug|x64.Build.0 = Debug|Any CPU
		{C660454C-166A-4AF8-AB03-DA5DC6E32620}.Debug|x86.ActiveCfg = Debug|Any CPU
		{C660454C-166A-4AF8-AB03-DA5DC6E32620}.Debug|x86.Build.0 = Debug|Any CPU
		{C660454C-166A-4AF8-AB03-DA5DC6E32620}.Release|Any CPU.ActiveCfg = Release|Any CPU
		{C660454C-166A-4AF8-AB03-DA5DC6E32620}.Release|Any CPU.Build.0 = Release|Any CPU
		{C660454C-166A-4AF8-AB03-DA5DC6E32620}.Release|x64.ActiveCfg = Release|Any CPU
		{C660454C-166A-4AF8-AB03-DA5DC6E32620}.Release|x64.Build.0 = Release|Any CPU
		{C660454C-166A-4AF8-AB03-DA5DC6E32620}.Release|x86.ActiveCfg = Release|Any CPU
		{C660454C-166A-4AF8-AB03-DA5DC6E32620}.Release|x86.Build.0 = Release|Any CPU
		{223C9126-A2BF-4F61-BE18-2DE1D8F29B61}.Debug|Any CPU.ActiveCfg = Debug|Any CPU
		{223C9126-A2BF-4F61-BE18-2DE1D8F29B61}.Debug|Any CPU.Build.0 = Debug|Any CPU
		{223C9126-A2BF-4F61-BE18-2DE1D8F29B61}.Debug|x64.ActiveCfg = Debug|Any CPU
		{223C9126-A2BF-4F61-BE18-2DE1D8F29B61}.Debug|x64.Build.0 = Debug|Any CPU
		{223C9126-A2BF-4F61-BE18-2DE1D8F29B61}.Debug|x86.ActiveCfg = Debug|Any CPU
		{223C9126-A2BF-4F61-BE18-2DE1D8F29B61}.Debug|x86.Build.0 = Debug|Any CPU
		{223C9126-A2BF-4F61-BE18-2DE1D8F29B61}.Release|Any CPU.ActiveCfg = Release|Any CPU
		{223C9126-A2BF-4F61-BE18-2DE1D8F29B61}.Release|Any CPU.Build.0 = Release|Any CPU
		{223C9126-A2BF-4F61-BE18-2DE1D8F29B61}.Release|x64.ActiveCfg = Release|Any CPU
		{223C9126-A2BF-4F61-BE18-2DE1D8F29B61}.Release|x64.Build.0 = Release|Any CPU
		{223C9126-A2BF-4F61-BE18-2DE1D8F29B61}.Release|x86.ActiveCfg = Release|Any CPU
		{223C9126-A2BF-4F61-BE18-2DE1D8F29B61}.Release|x86.Build.0 = Release|Any CPU
		{A5A4E87F-EAC3-4ECC-B8B9-D72053C26801}.Debug|Any CPU.ActiveCfg = Debug|Any CPU
		{A5A4E87F-EAC3-4ECC-B8B9-D72053C26801}.Debug|Any CPU.Build.0 = Debug|Any CPU
		{A5A4E87F-EAC3-4ECC-B8B9-D72053C26801}.Debug|x64.ActiveCfg = Debug|Any CPU
		{A5A4E87F-EAC3-4ECC-B8B9-D72053C26801}.Debug|x64.Build.0 = Debug|Any CPU
		{A5A4E87F-EAC3-4ECC-B8B9-D72053C26801}.Debug|x86.ActiveCfg = Debug|Any CPU
		{A5A4E87F-EAC3-4ECC-B8B9-D72053C26801}.Debug|x86.Build.0 = Debug|Any CPU
		{A5A4E87F-EAC3-4ECC-B8B9-D72053C26801}.Release|Any CPU.ActiveCfg = Release|Any CPU
		{A5A4E87F-EAC3-4ECC-B8B9-D72053C26801}.Release|Any CPU.Build.0 = Release|Any CPU
		{A5A4E87F-EAC3-4ECC-B8B9-D72053C26801}.Release|x64.ActiveCfg = Release|Any CPU
		{A5A4E87F-EAC3-4ECC-B8B9-D72053C26801}.Release|x64.Build.0 = Release|Any CPU
		{A5A4E87F-EAC3-4ECC-B8B9-D72053C26801}.Release|x86.ActiveCfg = Release|Any CPU
		{A5A4E87F-EAC3-4ECC-B8B9-D72053C26801}.Release|x86.Build.0 = Release|Any CPU
		{7511CA65-9D07-4D88-965C-0828C0B17059}.Debug|Any CPU.ActiveCfg = Debug|Any CPU
		{7511CA65-9D07-4D88-965C-0828C0B17059}.Debug|Any CPU.Build.0 = Debug|Any CPU
		{7511CA65-9D07-4D88-965C-0828C0B17059}.Debug|x64.ActiveCfg = Debug|Any CPU
		{7511CA65-9D07-4D88-965C-0828C0B17059}.Debug|x64.Build.0 = Debug|Any CPU
		{7511CA65-9D07-4D88-965C-0828C0B17059}.Debug|x86.ActiveCfg = Debug|Any CPU
		{7511CA65-9D07-4D88-965C-0828C0B17059}.Debug|x86.Build.0 = Debug|Any CPU
		{7511CA65-9D07-4D88-965C-0828C0B17059}.Release|Any CPU.ActiveCfg = Release|Any CPU
		{7511CA65-9D07-4D88-965C-0828C0B17059}.Release|Any CPU.Build.0 = Release|Any CPU
		{7511CA65-9D07-4D88-965C-0828C0B17059}.Release|x64.ActiveCfg = Release|Any CPU
		{7511CA65-9D07-4D88-965C-0828C0B17059}.Release|x64.Build.0 = Release|Any CPU
		{7511CA65-9D07-4D88-965C-0828C0B17059}.Release|x86.ActiveCfg = Release|Any CPU
		{7511CA65-9D07-4D88-965C-0828C0B17059}.Release|x86.Build.0 = Release|Any CPU
		{02580A82-759D-47E5-A00B-7E9B7572ABBB}.Debug|Any CPU.ActiveCfg = Debug|Any CPU
		{02580A82-759D-47E5-A00B-7E9B7572ABBB}.Debug|Any CPU.Build.0 = Debug|Any CPU
		{02580A82-759D-47E5-A00B-7E9B7572ABBB}.Debug|x64.ActiveCfg = Debug|Any CPU
		{02580A82-759D-47E5-A00B-7E9B7572ABBB}.Debug|x64.Build.0 = Debug|Any CPU
		{02580A82-759D-47E5-A00B-7E9B7572ABBB}.Debug|x86.ActiveCfg = Debug|Any CPU
		{02580A82-759D-47E5-A00B-7E9B7572ABBB}.Debug|x86.Build.0 = Debug|Any CPU
		{02580A82-759D-47E5-A00B-7E9B7572ABBB}.Release|Any CPU.ActiveCfg = Release|Any CPU
		{02580A82-759D-47E5-A00B-7E9B7572ABBB}.Release|Any CPU.Build.0 = Release|Any CPU
		{02580A82-759D-47E5-A00B-7E9B7572ABBB}.Release|x64.ActiveCfg = Release|Any CPU
		{02580A82-759D-47E5-A00B-7E9B7572ABBB}.Release|x64.Build.0 = Release|Any CPU
		{02580A82-759D-47E5-A00B-7E9B7572ABBB}.Release|x86.ActiveCfg = Release|Any CPU
		{02580A82-759D-47E5-A00B-7E9B7572ABBB}.Release|x86.Build.0 = Release|Any CPU
	EndGlobalSection
EndGlobal
